<?xml version="1.0" encoding="UTF-8" standalone="yes" ?>
<CodeBlocks_project_file>
	<FileVersion major="1" minor="6" />
	<Project>
		<Option title="fuse4Win" />
		<Option pch_mode="2" />
		<Option compiler="gcc" />
		<Build>
			<Target title="Debug">
				<Option output="./bin/Debug/fuse4Win" prefix_auto="1" extension_auto="1" />
				<Option object_output="obj/Debug/" />
				<Option type="3" />
				<Option compiler="gcc" />
				<Option createDefFile="1" />
				<Option createStaticLib="1" />
				<Compiler>
					<Add option="-Wall" />
					<Add option="-g" />
					<Add option="-DBUILD_DLL" />
				</Compiler>
				<Linker>
					<Add library="user32" />
				</Linker>
			</Target>
			<Target title="Release">
				<Option output="./bin/Release/fuse4Win" prefix_auto="1" extension_auto="1" />
				<Option object_output="obj/Release/" />
				<Option type="3" />
				<Option compiler="gcc" />
				<Option createDefFile="1" />
				<Option createStaticLib="1" />
				<Compiler>
					<Add option="-O3" />
					<Add option="-O2" />
					<Add option="-Wall" />
					<Add option="-DBUILD_DLL" />
				</Compiler>
				<Linker>
					<Add option="-s" />
					<Add library="user32" />
				</Linker>
			</Target>
			<Target title="D-64">
				<Option output="./bin/D-64/fuse4Win" imp_lib="$(TARGET_OUTPUT_DIR)$(TARGET_OUTPUT_BASENAME).a" def_file="$(TARGET_OUTPUT_DIR)$(TARGET_OUTPUT_BASENAME).def" prefix_auto="1" extension_auto="1" />
				<Option object_output="obj/D-64/" />
				<Option type="3" />
				<Option compiler="msp430gcc" />
				<Option createDefFile="1" />
				<Option createStaticLib="1" />
				<Compiler>
					<Add option="-Wall" />
					<Add option="-g" />
				</Compiler>
			</Target>
			<Target title="R-64">
				<Option output="./bin/R-64/fuse4Win" imp_lib="$(TARGET_OUTPUT_DIR)$(TARGET_OUTPUT_BASENAME).a" def_file="$(TARGET_OUTPUT_DIR)$(TARGET_OUTPUT_BASENAME).def" prefix_auto="1" extension_auto="1" />
				<Option object_output="obj/R-64/" />
				<Option type="3" />
				<Option compiler="msp430gcc" />
				<Option createDefFile="1" />
				<Option createStaticLib="1" />
				<Compiler>
					<Add option="-O3" />
					<Add option="-Wall" />
				</Compiler>
				<Linker>
					<Add option="-s" />
				</Linker>
			</Target>
			<Target title="Service">
				<Option output="./bin/Service/fuse4Win" prefix_auto="1" extension_auto="1" />
				<Option object_output="obj/Release/" />
				<Option type="3" />
				<Option compiler="gcc" />
				<Option createDefFile="1" />
				<Option createStaticLib="1" />
				<Compiler>
					<Add option="-O3" />
					<Add option="-O2" />
					<Add option="-Wall" />
					<Add option="-DBUILD_DLL" />
					<Add option="-D_USE_PIPE" />
				</Compiler>
				<Linker>
					<Add option="-s" />
					<Add library="user32" />
				</Linker>
			</Target>
			<Target title="Service-XP">
				<Option output="./bin/Service/fuse4Win-xp" prefix_auto="1" extension_auto="1" />
				<Option object_output="obj/Release/" />
				<Option type="3" />
				<Option compiler="gcc" />
				<Option createDefFile="1" />
				<Option createStaticLib="1" />
				<Compiler>
					<Add option="-O3" />
					<Add option="-O2" />
					<Add option="-Wall" />
					<Add option="-DBUILD_DLL" />
				</Compiler>
				<Linker>
					<Add option="-s" />
					<Add library="user32" />
				</Linker>
			</Target>
		</Build>
		<Compiler>
			<Add option="-DDEBUG_LEVEL=D_NOTICE" />
			<Add directory="../include/win" />
			<Add directory="../lib/Fuse4Win" />
		</Compiler>
		<Unit filename="../lib/Fuse4Win/FUSE4Win.h" />
		<Unit filename="../lib/Fuse4Win/ScopeGuard.h" />
		<Unit filename="../lib/Fuse4Win/docanfuse.cpp" />
		<Unit filename="../lib/Fuse4Win/docanfuse.h" />
		<Unit filename="../lib/Fuse4Win/dokan.h" />
		<Unit filename="../lib/Fuse4Win/fuse_helpers.c">
			<Option compilerVar="CC" />
		</Unit>
		<Unit filename="../lib/Fuse4Win/fuse_opt.c">
			<Option compilerVar="CC" />
		</Unit>
		<Unit filename="../lib/Fuse4Win/fusemain.cpp" />
		<Unit filename="../lib/Fuse4Win/fusemain.h" />
		<Unit filename="../lib/Fuse4Win/utils.cpp" />
		<Unit filename="../lib/Fuse4Win/utils.h" />
		<Extensions>
			<code_completion />
			<envvars />
			<debugger />
			<lib_finder disable_auto="1" />
		</Extensions>
	</Project>
</CodeBlocks_project_file>
