<?xml version="1.0" encoding="UTF-8" standalone="yes" ?>
<CodeBlocks_project_file>
	<FileVersion major="1" minor="6" />
	<Project>
		<Option title="win_service" />
		<Option pch_mode="2" />
		<Option compiler="gcc" />
		<Build>
			<Target title="Service">
				<Option output="./bin/Service/win_service" prefix_auto="1" extension_auto="1" />
				<Option object_output="obj/Release" />
				<Option type="1" />
				<Option compiler="gcc" />
				<Option use_console_runner="0" />
				<Compiler>
					<Add option="-O3" />
					<Add option="-Wall" />
					<Add option="-DSERVICE" />
				</Compiler>
				<Linker>
					<Add option="-s" />
					<Add library="libfuse4Win.a" />
					<Add directory="bin/Service" />
				</Linker>
			</Target>
		</Build>
		<Compiler>
			<Add option="-Wall" />
			<Add option="-fexceptions" />
			<Add option="-DUNICODE" />
		</Compiler>
		<Linker>
			<Add library="libpfs.a" />
			<Add library="libWs2_32.a" />
			<Add library="libssl.a" />
			<Add library="libcrypto.a" />
			<Add library="libpthread.a" />
		</Linker>
		<Unit filename="../win_service/main.cpp" />
		<Extensions>
			<code_completion />
			<envvars />
			<debugger />
			<lib_finder disable_auto="1" />
		</Extensions>
	</Project>
</CodeBlocks_project_file>
